
Microsoft Visual Studio Solution File, Format Version 12.00
# Visual Studio Version 16
VisualStudioVersion = 16.0.30413.136
MinimumVisualStudioVersion = 10.0.40219.1
Project("{888888A0-9F3D-457C-B088-3A5042F75D52}") = "TKinter_grid()", "TKinter_grid()\TKinter_grid().pyproj", "{F7377BAF-3990-4F72-88D5-17B31A6861FF}"
EndProject
Global
	GlobalSection(SolutionConfigurationPlatforms) = preSolution
		Debug|Any CPU = Debug|Any CPU
		Release|Any CPU = Release|Any CPU
	EndGlobalSection
	GlobalSection(ProjectConfigurationPlatforms) = postSolution
		{F7377BAF-3990-4F72-88D5-17B31A6861FF}.Debug|Any CPU.ActiveCfg = Debug|Any CPU
		{F7377BAF-3990-4F72-88D5-17B31A6861FF}.Release|Any CPU.ActiveCfg = Release|Any CPU
	EndGlobalSection
	GlobalSection(SolutionProperties) = preSolution
		HideSolutionNode = FALSE
	EndGlobalSection
	GlobalSection(ExtensibilityGlobals) = postSolution
		SolutionGuid = {3B401028-88C8-4570-86C2-586F6ADCB744}
	EndGlobalSection
EndGlobal
